
Microsoft Visual Studio Solution File, Format Version 12.00
# Visual Studio Version 16
VisualStudioVersion = 16.0.30225.117
MinimumVisualStudioVersion = 10.0.40219.1
Project("{FAE04EC0-301F-11D3-BF4B-00C04F79EFBC}") = "DesafioGoDev", "DesafioGoDev.csproj", "{45B10661-16D6-4458-A2F8-38F386E3F928}"
EndProject
Global
	GlobalSection(SolutionConfigurationPlatforms) = preSolution
		Debug|Any CPU = Debug|Any CPU
		Release|Any CPU = Release|Any CPU
	EndGlobalSection
	GlobalSection(ProjectConfigurationPlatforms) = postSolution
		{45B10661-16D6-4458-A2F8-38F386E3F928}.Debug|Any CPU.ActiveCfg = Debug|Any CPU
		{45B10661-16D6-4458-A2F8-38F386E3F928}.Debug|Any CPU.Build.0 = Debug|Any CPU
		{45B10661-16D6-4458-A2F8-38F386E3F928}.Release|Any CPU.ActiveCfg = Release|Any CPU
		{45B10661-16D6-4458-A2F8-38F386E3F928}.Release|Any CPU.Build.0 = Release|Any CPU
	EndGlobalSection
	GlobalSection(SolutionProperties) = preSolution
		HideSolutionNode = FALSE
	EndGlobalSection
	GlobalSection(ExtensibilityGlobals) = postSolution
		SolutionGuid = {18FCA94E-81E7-40AF-B739-1C67D1AE6396}
	EndGlobalSection
EndGlobal
